// !$*UTF8*$!
{
	archiveVersion = 1;
	classes = {
	};
	objectVersion = 55;
	objects = {

/* Begin PBXBuildFile section */
		941FD2C328BF4F9300C800DB /* ModelFromDelegate.swift in Sources */ = {isa = PBXBuildFile; fileRef = 941FD2C228BF4F9300C800DB /* ModelFromDelegate.swift */; };
		942EFE2328AF713A00B52F1E /* LogInViewController.swift in Sources */ = {isa = PBXBuildFile; fileRef = 942EFE2228AF713A00B52F1E /* LogInViewController.swift */; };
		944A14B428B7AD120024987D /* SearchViewController.swift in Sources */ = {isa = PBXBuildFile; fileRef = 944A14B328B7AD120024987D /* SearchViewController.swift */; };
		944A14B628B8B37F0024987D /* SearchTableViewCell.swift in Sources */ = {isa = PBXBuildFile; fileRef = 944A14B528B8B37F0024987D /* SearchTableViewCell.swift */; };
		944A14BB28BB84AD0024987D /* FavoriteCollectionViewCell.swift in Sources */ = {isa = PBXBuildFile; fileRef = 944A14BA28BB84AD0024987D /* FavoriteCollectionViewCell.swift */; };
		945F75F728A8E9BA0013122D /* ModelViewController.swift in Sources */ = {isa = PBXBuildFile; fileRef = 945F75F628A8E9B90013122D /* ModelViewController.swift */; };
		945F75FB28A96FFE0013122D /* Image+Extension.swift in Sources */ = {isa = PBXBuildFile; fileRef = 945F75FA28A96FFE0013122D /* Image+Extension.swift */; };
		9469CA4728B3A5450025CD0F /* ColorsEnum.swift in Sources */ = {isa = PBXBuildFile; fileRef = 9469CA4628B3A5450025CD0F /* ColorsEnum.swift */; };
		9469CA4F28B3EF830025CD0F /* KrainaTests.swift in Sources */ = {isa = PBXBuildFile; fileRef = 9469CA4E28B3EF830025CD0F /* KrainaTests.swift */; };
		9469CA5C28B3F4BF0025CD0F /* KrainaUITests.swift in Sources */ = {isa = PBXBuildFile; fileRef = 9469CA5B28B3F4BF0025CD0F /* KrainaUITests.swift */; };
		9469CA5E28B3F4BF0025CD0F /* KrainaUITestsLaunchTests.swift in Sources */ = {isa = PBXBuildFile; fileRef = 9469CA5D28B3F4BF0025CD0F /* KrainaUITestsLaunchTests.swift */; };
		9469CA6528B4B26D0025CD0F /* ModelCollectionViewCell.swift in Sources */ = {isa = PBXBuildFile; fileRef = 9469CA6428B4B26C0025CD0F /* ModelCollectionViewCell.swift */; };
		949EC2D928BBED1F0055EF48 /* FavouriteTypeViewController.swift in Sources */ = {isa = PBXBuildFile; fileRef = 949EC2D828BBED1F0055EF48 /* FavouriteTypeViewController.swift */; };
		949EC2DB28BBEDBA0055EF48 /* FavouriteTypeTableViewCell.swift in Sources */ = {isa = PBXBuildFile; fileRef = 949EC2DA28BBEDBA0055EF48 /* FavouriteTypeTableViewCell.swift */; };
		949EC2DD28BC07830055EF48 /* CollectionView+Extension.swift in Sources */ = {isa = PBXBuildFile; fileRef = 949EC2DC28BC07830055EF48 /* CollectionView+Extension.swift */; };
		949EC2DF28BCE7A20055EF48 /* CheckFavouriteDelegate.swift in Sources */ = {isa = PBXBuildFile; fileRef = 949EC2DE28BCE7A20055EF48 /* CheckFavouriteDelegate.swift */; };
		949EC2E128BDEB8F0055EF48 /* MainTableViewCell.swift in Sources */ = {isa = PBXBuildFile; fileRef = 949EC2E028BDEB8F0055EF48 /* MainTableViewCell.swift */; };
		949EC2E328BDF4CF0055EF48 /* TypeCollectionViewCell.swift in Sources */ = {isa = PBXBuildFile; fileRef = 949EC2E228BDF4CF0055EF48 /* TypeCollectionViewCell.swift */; };
		94A8AE5028ABD57000DEF47D /* ForModelMapViewController.swift in Sources */ = {isa = PBXBuildFile; fileRef = 94A8AE4F28ABD57000DEF47D /* ForModelMapViewController.swift */; };
		94A8AE5428AE5ACA00DEF47D /* RegistrationViewController.swift in Sources */ = {isa = PBXBuildFile; fileRef = 94A8AE5328AE5ACA00DEF47D /* RegistrationViewController.swift */; };
		94B67B8028BF868200C1E5B8 /* ImagesCollectionViewCell.swift in Sources */ = {isa = PBXBuildFile; fileRef = 94B67B7F28BF868200C1E5B8 /* ImagesCollectionViewCell.swift */; };
		94B67B8228C0881000C1E5B8 /* PopupViewController.swift in Sources */ = {isa = PBXBuildFile; fileRef = 94B67B8128C0881000C1E5B8 /* PopupViewController.swift */; };
		94B67B8428C27F7300C1E5B8 /* MyFloatingPanelLayoutClass.swift in Sources */ = {isa = PBXBuildFile; fileRef = 94B67B8328C27F7300C1E5B8 /* MyFloatingPanelLayoutClass.swift */; };
		94B67B8628C287C700C1E5B8 /* ModelMapDelegate.swift in Sources */ = {isa = PBXBuildFile; fileRef = 94B67B8528C287C700C1E5B8 /* ModelMapDelegate.swift */; };
		94C23CC028B526D4005965D5 /* ChangeTypeDelegate.swift in Sources */ = {isa = PBXBuildFile; fileRef = 94C23CBF28B526D4005965D5 /* ChangeTypeDelegate.swift */; };
		94D8498428A29D9C00A06B6D /* AppDelegate.swift in Sources */ = {isa = PBXBuildFile; fileRef = 94D8498328A29D9C00A06B6D /* AppDelegate.swift */; };
		94D8498628A29D9C00A06B6D /* SceneDelegate.swift in Sources */ = {isa = PBXBuildFile; fileRef = 94D8498528A29D9C00A06B6D /* SceneDelegate.swift */; };
		94D8498828A29D9C00A06B6D /* MainViewController.swift in Sources */ = {isa = PBXBuildFile; fileRef = 94D8498728A29D9C00A06B6D /* MainViewController.swift */; };
		94D8498B28A29D9C00A06B6D /* Main.storyboard in Resources */ = {isa = PBXBuildFile; fileRef = 94D8498928A29D9C00A06B6D /* Main.storyboard */; };
		94D8498D28A29DA000A06B6D /* Assets.xcassets in Resources */ = {isa = PBXBuildFile; fileRef = 94D8498C28A29DA000A06B6D /* Assets.xcassets */; };
		94D8499028A29DA000A06B6D /* LaunchScreen.storyboard in Resources */ = {isa = PBXBuildFile; fileRef = 94D8498E28A29DA000A06B6D /* LaunchScreen.storyboard */; };
		94D8499828A29E7000A06B6D /* TabBarViewController.swift in Sources */ = {isa = PBXBuildFile; fileRef = 94D8499728A29E7000A06B6D /* TabBarViewController.swift */; };
		94D8499C28A29FB400A06B6D /* MapViewController.swift in Sources */ = {isa = PBXBuildFile; fileRef = 94D8499B28A29FB400A06B6D /* MapViewController.swift */; };
		94D849A028A2A01A00A06B6D /* FavoriteViewController.swift in Sources */ = {isa = PBXBuildFile; fileRef = 94D8499F28A2A01A00A06B6D /* FavoriteViewController.swift */; };
		94D849A828A2DF1A00A06B6D /* GoogleService-Info.plist in Resources */ = {isa = PBXBuildFile; fileRef = 94D849A728A2DF1A00A06B6D /* GoogleService-Info.plist */; };
		94D849AC28A2E5D300A06B6D /* UIView+Extension.swift in Sources */ = {isa = PBXBuildFile; fileRef = 94D849AB28A2E5D200A06B6D /* UIView+Extension.swift */; };
		94D849AE28A2E87A00A06B6D /* UIViewController+Extension.swift in Sources */ = {isa = PBXBuildFile; fileRef = 94D849AD28A2E87A00A06B6D /* UIViewController+Extension.swift */; };
		94DE306F28A2F065003B5DF4 /* FireBaseManager.swift in Sources */ = {isa = PBXBuildFile; fileRef = 94DE306E28A2F065003B5DF4 /* FireBaseManager.swift */; };
		94DE307128A2F2B6003B5DF4 /* FireBaseDocument.swift in Sources */ = {isa = PBXBuildFile; fileRef = 94DE307028A2F2B6003B5DF4 /* FireBaseDocument.swift */; };
		94DE307728A51A9F003B5DF4 /* FireBaseEnum.swift in Sources */ = {isa = PBXBuildFile; fileRef = 94DE307628A51A9F003B5DF4 /* FireBaseEnum.swift */; };
		A15365B6BB8F12B935496593 /* Pods_Kraina.framework in Frameworks */ = {isa = PBXBuildFile; fileRef = 2904552F156C4587AD370719 /* Pods_Kraina.framework */; };
/* End PBXBuildFile section */

/* Begin PBXContainerItemProxy section */
		9469CA5028B3EF830025CD0F /* PBXContainerItemProxy */ = {
			isa = PBXContainerItemProxy;
			containerPortal = 94D8497828A29D9C00A06B6D /* Project object */;
			proxyType = 1;
			remoteGlobalIDString = 94D8497F28A29D9C00A06B6D;
			remoteInfo = Kraina;
		};
		9469CA5F28B3F4BF0025CD0F /* PBXContainerItemProxy */ = {
			isa = PBXContainerItemProxy;
			containerPortal = 94D8497828A29D9C00A06B6D /* Project object */;
			proxyType = 1;
			remoteGlobalIDString = 94D8497F28A29D9C00A06B6D;
			remoteInfo = Kraina;
		};
/* End PBXContainerItemProxy section */

/* Begin PBXFileReference section */
		2904552F156C4587AD370719 /* Pods_Kraina.framework */ = {isa = PBXFileReference; explicitFileType = wrapper.framework; includeInIndex = 0; path = Pods_Kraina.framework; sourceTree = BUILT_PRODUCTS_DIR; };
		32B5013FF1250D241BB57647 /* Pods-Kraina.release.xcconfig */ = {isa = PBXFileReference; includeInIndex = 1; lastKnownFileType = text.xcconfig; name = "Pods-Kraina.release.xcconfig"; path = "Target Support Files/Pods-Kraina/Pods-Kraina.release.xcconfig"; sourceTree = "<group>"; };
		8BA416F01C6E783477ADC038 /* Pods-Kraina.debug.xcconfig */ = {isa = PBXFileReference; includeInIndex = 1; lastKnownFileType = text.xcconfig; name = "Pods-Kraina.debug.xcconfig"; path = "Target Support Files/Pods-Kraina/Pods-Kraina.debug.xcconfig"; sourceTree = "<group>"; };
		941FD2C228BF4F9300C800DB /* ModelFromDelegate.swift */ = {isa = PBXFileReference; lastKnownFileType = sourcecode.swift; path = ModelFromDelegate.swift; sourceTree = "<group>"; };
		942EFE2228AF713A00B52F1E /* LogInViewController.swift */ = {isa = PBXFileReference; lastKnownFileType = sourcecode.swift; path = LogInViewController.swift; sourceTree = "<group>"; };
		944A14B328B7AD120024987D /* SearchViewController.swift */ = {isa = PBXFileReference; lastKnownFileType = sourcecode.swift; path = SearchViewController.swift; sourceTree = "<group>"; };
		944A14B528B8B37F0024987D /* SearchTableViewCell.swift */ = {isa = PBXFileReference; lastKnownFileType = sourcecode.swift; path = SearchTableViewCell.swift; sourceTree = "<group>"; };
		944A14BA28BB84AD0024987D /* FavoriteCollectionViewCell.swift */ = {isa = PBXFileReference; lastKnownFileType = sourcecode.swift; path = FavoriteCollectionViewCell.swift; sourceTree = "<group>"; };
		945F75F628A8E9B90013122D /* ModelViewController.swift */ = {isa = PBXFileReference; lastKnownFileType = sourcecode.swift; path = ModelViewController.swift; sourceTree = "<group>"; };
		945F75FA28A96FFE0013122D /* Image+Extension.swift */ = {isa = PBXFileReference; lastKnownFileType = sourcecode.swift; path = "Image+Extension.swift"; sourceTree = "<group>"; };
		9469CA4628B3A5450025CD0F /* ColorsEnum.swift */ = {isa = PBXFileReference; lastKnownFileType = sourcecode.swift; path = ColorsEnum.swift; sourceTree = "<group>"; };
		9469CA4C28B3EF820025CD0F /* KrainaTests.xctest */ = {isa = PBXFileReference; explicitFileType = wrapper.cfbundle; includeInIndex = 0; path = KrainaTests.xctest; sourceTree = BUILT_PRODUCTS_DIR; };
		9469CA4E28B3EF830025CD0F /* KrainaTests.swift */ = {isa = PBXFileReference; lastKnownFileType = sourcecode.swift; path = KrainaTests.swift; sourceTree = "<group>"; };
		9469CA5928B3F4BF0025CD0F /* KrainaUITests.xctest */ = {isa = PBXFileReference; explicitFileType = wrapper.cfbundle; includeInIndex = 0; path = KrainaUITests.xctest; sourceTree = BUILT_PRODUCTS_DIR; };
		9469CA5B28B3F4BF0025CD0F /* KrainaUITests.swift */ = {isa = PBXFileReference; lastKnownFileType = sourcecode.swift; path = KrainaUITests.swift; sourceTree = "<group>"; };
		9469CA5D28B3F4BF0025CD0F /* KrainaUITestsLaunchTests.swift */ = {isa = PBXFileReference; lastKnownFileType = sourcecode.swift; path = KrainaUITestsLaunchTests.swift; sourceTree = "<group>"; };
		9469CA6428B4B26C0025CD0F /* ModelCollectionViewCell.swift */ = {isa = PBXFileReference; lastKnownFileType = sourcecode.swift; path = ModelCollectionViewCell.swift; sourceTree = "<group>"; };
		949EC2D828BBED1F0055EF48 /* FavouriteTypeViewController.swift */ = {isa = PBXFileReference; lastKnownFileType = sourcecode.swift; path = FavouriteTypeViewController.swift; sourceTree = "<group>"; };
		949EC2DA28BBEDBA0055EF48 /* FavouriteTypeTableViewCell.swift */ = {isa = PBXFileReference; lastKnownFileType = sourcecode.swift; path = FavouriteTypeTableViewCell.swift; sourceTree = "<group>"; };
		949EC2DC28BC07830055EF48 /* CollectionView+Extension.swift */ = {isa = PBXFileReference; lastKnownFileType = sourcecode.swift; path = "CollectionView+Extension.swift"; sourceTree = "<group>"; };
		949EC2DE28BCE7A20055EF48 /* CheckFavouriteDelegate.swift */ = {isa = PBXFileReference; lastKnownFileType = sourcecode.swift; path = CheckFavouriteDelegate.swift; sourceTree = "<group>"; };
		949EC2E028BDEB8F0055EF48 /* MainTableViewCell.swift */ = {isa = PBXFileReference; lastKnownFileType = sourcecode.swift; path = MainTableViewCell.swift; sourceTree = "<group>"; };
		949EC2E228BDF4CF0055EF48 /* TypeCollectionViewCell.swift */ = {isa = PBXFileReference; lastKnownFileType = sourcecode.swift; path = TypeCollectionViewCell.swift; sourceTree = "<group>"; };
		94A8AE4F28ABD57000DEF47D /* ForModelMapViewController.swift */ = {isa = PBXFileReference; lastKnownFileType = sourcecode.swift; path = ForModelMapViewController.swift; sourceTree = "<group>"; };
		94A8AE5328AE5ACA00DEF47D /* RegistrationViewController.swift */ = {isa = PBXFileReference; lastKnownFileType = sourcecode.swift; path = RegistrationViewController.swift; sourceTree = "<group>"; };
		94B67B7F28BF868200C1E5B8 /* ImagesCollectionViewCell.swift */ = {isa = PBXFileReference; lastKnownFileType = sourcecode.swift; path = ImagesCollectionViewCell.swift; sourceTree = "<group>"; };
		94B67B8128C0881000C1E5B8 /* PopupViewController.swift */ = {isa = PBXFileReference; lastKnownFileType = sourcecode.swift; path = PopupViewController.swift; sourceTree = "<group>"; };
		94B67B8328C27F7300C1E5B8 /* MyFloatingPanelLayoutClass.swift */ = {isa = PBXFileReference; lastKnownFileType = sourcecode.swift; path = MyFloatingPanelLayoutClass.swift; sourceTree = "<group>"; };
		94B67B8528C287C700C1E5B8 /* ModelMapDelegate.swift */ = {isa = PBXFileReference; lastKnownFileType = sourcecode.swift; path = ModelMapDelegate.swift; sourceTree = "<group>"; };
		94C23CBF28B526D4005965D5 /* ChangeTypeDelegate.swift */ = {isa = PBXFileReference; lastKnownFileType = sourcecode.swift; path = ChangeTypeDelegate.swift; sourceTree = "<group>"; };
		94D8498028A29D9C00A06B6D /* Kraina.app */ = {isa = PBXFileReference; explicitFileType = wrapper.application; includeInIndex = 0; path = Kraina.app; sourceTree = BUILT_PRODUCTS_DIR; };
		94D8498328A29D9C00A06B6D /* AppDelegate.swift */ = {isa = PBXFileReference; lastKnownFileType = sourcecode.swift; path = AppDelegate.swift; sourceTree = "<group>"; };
		94D8498528A29D9C00A06B6D /* SceneDelegate.swift */ = {isa = PBXFileReference; lastKnownFileType = sourcecode.swift; path = SceneDelegate.swift; sourceTree = "<group>"; };
		94D8498728A29D9C00A06B6D /* MainViewController.swift */ = {isa = PBXFileReference; lastKnownFileType = sourcecode.swift; path = MainViewController.swift; sourceTree = "<group>"; };
		94D8498A28A29D9C00A06B6D /* Base */ = {isa = PBXFileReference; lastKnownFileType = file.storyboard; name = Base; path = Base.lproj/Main.storyboard; sourceTree = "<group>"; };
		94D8498C28A29DA000A06B6D /* Assets.xcassets */ = {isa = PBXFileReference; lastKnownFileType = folder.assetcatalog; path = Assets.xcassets; sourceTree = "<group>"; };
		94D8498F28A29DA000A06B6D /* Base */ = {isa = PBXFileReference; lastKnownFileType = file.storyboard; name = Base; path = Base.lproj/LaunchScreen.storyboard; sourceTree = "<group>"; };
		94D8499128A29DA000A06B6D /* Info.plist */ = {isa = PBXFileReference; lastKnownFileType = text.plist.xml; path = Info.plist; sourceTree = "<group>"; };
		94D8499728A29E7000A06B6D /* TabBarViewController.swift */ = {isa = PBXFileReference; lastKnownFileType = sourcecode.swift; path = TabBarViewController.swift; sourceTree = "<group>"; };
		94D8499B28A29FB400A06B6D /* MapViewController.swift */ = {isa = PBXFileReference; lastKnownFileType = sourcecode.swift; name = MapViewController.swift; path = ../../../../MapViewController.swift; sourceTree = "<group>"; };
		94D8499F28A2A01A00A06B6D /* FavoriteViewController.swift */ = {isa = PBXFileReference; lastKnownFileType = sourcecode.swift; path = FavoriteViewController.swift; sourceTree = "<group>"; };
		94D849A728A2DF1A00A06B6D /* GoogleService-Info.plist */ = {isa = PBXFileReference; fileEncoding = 4; lastKnownFileType = text.plist.xml; path = "GoogleService-Info.plist"; sourceTree = "<group>"; };
		94D849AB28A2E5D200A06B6D /* UIView+Extension.swift */ = {isa = PBXFileReference; lastKnownFileType = sourcecode.swift; path = "UIView+Extension.swift"; sourceTree = "<group>"; };
		94D849AD28A2E87A00A06B6D /* UIViewController+Extension.swift */ = {isa = PBXFileReference; lastKnownFileType = sourcecode.swift; path = "UIViewController+Extension.swift"; sourceTree = "<group>"; };
		94DE306E28A2F065003B5DF4 /* FireBaseManager.swift */ = {isa = PBXFileReference; lastKnownFileType = sourcecode.swift; path = FireBaseManager.swift; sourceTree = "<group>"; };
		94DE307028A2F2B6003B5DF4 /* FireBaseDocument.swift */ = {isa = PBXFileReference; lastKnownFileType = sourcecode.swift; path = FireBaseDocument.swift; sourceTree = "<group>"; };
		94DE307628A51A9F003B5DF4 /* FireBaseEnum.swift */ = {isa = PBXFileReference; lastKnownFileType = sourcecode.swift; path = FireBaseEnum.swift; sourceTree = "<group>"; };
/* End PBXFileReference section */

/* Begin PBXFrameworksBuildPhase section */
		9469CA4928B3EF820025CD0F /* Frameworks */ = {
			isa = PBXFrameworksBuildPhase;
			buildActionMask = 2147483647;
			files = (
			);
			runOnlyForDeploymentPostprocessing = 0;
		};
		9469CA5628B3F4BF0025CD0F /* Frameworks */ = {
			isa = PBXFrameworksBuildPhase;
			buildActionMask = 2147483647;
			files = (
			);
			runOnlyForDeploymentPostprocessing = 0;
		};
		94D8497D28A29D9C00A06B6D /* Frameworks */ = {
			isa = PBXFrameworksBuildPhase;
			buildActionMask = 2147483647;
			files = (
				A15365B6BB8F12B935496593 /* Pods_Kraina.framework in Frameworks */,
			);
			runOnlyForDeploymentPostprocessing = 0;
		};
/* End PBXFrameworksBuildPhase section */

/* Begin PBXGroup section */
		3EBAADF395618D7A05B458F2 /* Pods */ = {
			isa = PBXGroup;
			children = (
				8BA416F01C6E783477ADC038 /* Pods-Kraina.debug.xcconfig */,
				32B5013FF1250D241BB57647 /* Pods-Kraina.release.xcconfig */,
			);
			path = Pods;
			sourceTree = "<group>";
		};
		6FED24C6A47440A6C4E8F100 /* Frameworks */ = {
			isa = PBXGroup;
			children = (
				2904552F156C4587AD370719 /* Pods_Kraina.framework */,
			);
			name = Frameworks;
			sourceTree = "<group>";
		};
		944A14B728B8F1D60024987D /* Cells */ = {
			isa = PBXGroup;
			children = (
				949EC2E428BDF4EE0055EF48 /* TableViewCells */,
				949EC2E528BDF4FE0055EF48 /* CollectionViewCells */,
			);
			path = Cells;
			sourceTree = "<group>";
		};
		9469CA4D28B3EF830025CD0F /* KrainaTests */ = {
			isa = PBXGroup;
			children = (
				9469CA4E28B3EF830025CD0F /* KrainaTests.swift */,
			);
			path = KrainaTests;
			sourceTree = "<group>";
		};
		9469CA5A28B3F4BF0025CD0F /* KrainaUITests */ = {
			isa = PBXGroup;
			children = (
				9469CA5B28B3F4BF0025CD0F /* KrainaUITests.swift */,
				9469CA5D28B3F4BF0025CD0F /* KrainaUITestsLaunchTests.swift */,
			);
			path = KrainaUITests;
			sourceTree = "<group>";
		};
		949EC2E428BDF4EE0055EF48 /* TableViewCells */ = {
			isa = PBXGroup;
			children = (
				949EC2E028BDEB8F0055EF48 /* MainTableViewCell.swift */,
				944A14B528B8B37F0024987D /* SearchTableViewCell.swift */,
				949EC2DA28BBEDBA0055EF48 /* FavouriteTypeTableViewCell.swift */,
			);
			path = TableViewCells;
			sourceTree = "<group>";
		};
		949EC2E528BDF4FE0055EF48 /* CollectionViewCells */ = {
			isa = PBXGroup;
			children = (
				9469CA6428B4B26C0025CD0F /* ModelCollectionViewCell.swift */,
				949EC2E228BDF4CF0055EF48 /* TypeCollectionViewCell.swift */,
				944A14BA28BB84AD0024987D /* FavoriteCollectionViewCell.swift */,
				94B67B7F28BF868200C1E5B8 /* ImagesCollectionViewCell.swift */,
			);
			path = CollectionViewCells;
			sourceTree = "<group>";
		};
		94C23CC128B55244005965D5 /* Delegates */ = {
			isa = PBXGroup;
			children = (
				94D8498328A29D9C00A06B6D /* AppDelegate.swift */,
				94D8498528A29D9C00A06B6D /* SceneDelegate.swift */,
				94C23CBF28B526D4005965D5 /* ChangeTypeDelegate.swift */,
				949EC2DE28BCE7A20055EF48 /* CheckFavouriteDelegate.swift */,
				941FD2C228BF4F9300C800DB /* ModelFromDelegate.swift */,
				94B67B8528C287C700C1E5B8 /* ModelMapDelegate.swift */,
			);
			path = Delegates;
			sourceTree = "<group>";
		};
		94C23CC228B55268005965D5 /* Enums */ = {
			isa = PBXGroup;
			children = (
				9469CA4628B3A5450025CD0F /* ColorsEnum.swift */,
				94DE307628A51A9F003B5DF4 /* FireBaseEnum.swift */,
			);
			path = Enums;
			sourceTree = "<group>";
		};
		94D8497728A29D9C00A06B6D = {
			isa = PBXGroup;
			children = (
				94D8498228A29D9C00A06B6D /* Kraina */,
				9469CA4D28B3EF830025CD0F /* KrainaTests */,
				9469CA5A28B3F4BF0025CD0F /* KrainaUITests */,
				94D8498128A29D9C00A06B6D /* Products */,
				3EBAADF395618D7A05B458F2 /* Pods */,
				6FED24C6A47440A6C4E8F100 /* Frameworks */,
			);
			sourceTree = "<group>";
		};
		94D8498128A29D9C00A06B6D /* Products */ = {
			isa = PBXGroup;
			children = (
				94D8498028A29D9C00A06B6D /* Kraina.app */,
				9469CA4C28B3EF820025CD0F /* KrainaTests.xctest */,
				9469CA5928B3F4BF0025CD0F /* KrainaUITests.xctest */,
			);
			name = Products;
			sourceTree = "<group>";
		};
		94D8498228A29D9C00A06B6D /* Kraina */ = {
			isa = PBXGroup;
			children = (
				94B67B8328C27F7300C1E5B8 /* MyFloatingPanelLayoutClass.swift */,
				94C23CC128B55244005965D5 /* Delegates */,
				94C23CC228B55268005965D5 /* Enums */,
				94DE307428A5158E003B5DF4 /* FireBase */,
				94DE307528A51599003B5DF4 /* Extensions */,
				944A14B728B8F1D60024987D /* Cells */,
				94D849A128A2A08B00A06B6D /* ViewControllers */,
				94D849A228A2A09D00A06B6D /* Storyboards */,
				94D8498C28A29DA000A06B6D /* Assets.xcassets */,
				94D8498E28A29DA000A06B6D /* LaunchScreen.storyboard */,
				94D8499128A29DA000A06B6D /* Info.plist */,
				94D849A728A2DF1A00A06B6D /* GoogleService-Info.plist */,
			);
			path = Kraina;
			sourceTree = "<group>";
		};
		94D849A128A2A08B00A06B6D /* ViewControllers */ = {
			isa = PBXGroup;
			children = (
				94D8499728A29E7000A06B6D /* TabBarViewController.swift */,
				942EFE2228AF713A00B52F1E /* LogInViewController.swift */,
				94A8AE5328AE5ACA00DEF47D /* RegistrationViewController.swift */,
				94D8498728A29D9C00A06B6D /* MainViewController.swift */,
				94D8499B28A29FB400A06B6D /* MapViewController.swift */,
				94B67B8128C0881000C1E5B8 /* PopupViewController.swift */,
				944A14B328B7AD120024987D /* SearchViewController.swift */,
				945F75F628A8E9B90013122D /* ModelViewController.swift */,
				94A8AE4F28ABD57000DEF47D /* ForModelMapViewController.swift */,
				94D8499F28A2A01A00A06B6D /* FavoriteViewController.swift */,
				949EC2D828BBED1F0055EF48 /* FavouriteTypeViewController.swift */,
			);
			path = ViewControllers;
			sourceTree = "<group>";
		};
		94D849A228A2A09D00A06B6D /* Storyboards */ = {
			isa = PBXGroup;
			children = (
				94D8498928A29D9C00A06B6D /* Main.storyboard */,
			);
			path = Storyboards;
			sourceTree = "<group>";
		};
		94DE307428A5158E003B5DF4 /* FireBase */ = {
			isa = PBXGroup;
			children = (
				94DE306E28A2F065003B5DF4 /* FireBaseManager.swift */,
				94DE307028A2F2B6003B5DF4 /* FireBaseDocument.swift */,
			);
			path = FireBase;
			sourceTree = "<group>";
		};
		94DE307528A51599003B5DF4 /* Extensions */ = {
			isa = PBXGroup;
			children = (
				94D849AB28A2E5D200A06B6D /* UIView+Extension.swift */,
				945F75FA28A96FFE0013122D /* Image+Extension.swift */,
				949EC2DC28BC07830055EF48 /* CollectionView+Extension.swift */,
				94D849AD28A2E87A00A06B6D /* UIViewController+Extension.swift */,
			);
			path = Extensions;
			sourceTree = "<group>";
		};
/* End PBXGroup section */

/* Begin PBXNativeTarget section */
		9469CA4B28B3EF820025CD0F /* KrainaTests */ = {
			isa = PBXNativeTarget;
			buildConfigurationList = 9469CA5428B3EF830025CD0F /* Build configuration list for PBXNativeTarget "KrainaTests" */;
			buildPhases = (
				9469CA4828B3EF820025CD0F /* Sources */,
				9469CA4928B3EF820025CD0F /* Frameworks */,
				9469CA4A28B3EF820025CD0F /* Resources */,
			);
			buildRules = (
			);
			dependencies = (
				9469CA5128B3EF830025CD0F /* PBXTargetDependency */,
			);
			name = KrainaTests;
			productName = KrainaTests;
			productReference = 9469CA4C28B3EF820025CD0F /* KrainaTests.xctest */;
			productType = "com.apple.product-type.bundle.unit-test";
		};
		9469CA5828B3F4BF0025CD0F /* KrainaUITests */ = {
			isa = PBXNativeTarget;
			buildConfigurationList = 9469CA6128B3F4BF0025CD0F /* Build configuration list for PBXNativeTarget "KrainaUITests" */;
			buildPhases = (
				9469CA5528B3F4BF0025CD0F /* Sources */,
				9469CA5628B3F4BF0025CD0F /* Frameworks */,
				9469CA5728B3F4BF0025CD0F /* Resources */,
			);
			buildRules = (
			);
			dependencies = (
				9469CA6028B3F4BF0025CD0F /* PBXTargetDependency */,
			);
			name = KrainaUITests;
			productName = KrainaUITests;
			productReference = 9469CA5928B3F4BF0025CD0F /* KrainaUITests.xctest */;
			productType = "com.apple.product-type.bundle.ui-testing";
		};
		94D8497F28A29D9C00A06B6D /* Kraina */ = {
			isa = PBXNativeTarget;
			buildConfigurationList = 94D8499428A29DA000A06B6D /* Build configuration list for PBXNativeTarget "Kraina" */;
			buildPhases = (
				C617D536296EA2F15AA9165A /* [CP] Check Pods Manifest.lock */,
				94D8497C28A29D9C00A06B6D /* Sources */,
				94D8497D28A29D9C00A06B6D /* Frameworks */,
				94D8497E28A29D9C00A06B6D /* Resources */,
				00853D31CCDF7E31D049E9A1 /* [CP] Embed Pods Frameworks */,
				803E0092A8F64E366F81C9F6 /* [CP] Copy Pods Resources */,
			);
			buildRules = (
			);
			dependencies = (
			);
			name = Kraina;
			productName = Kraina;
			productReference = 94D8498028A29D9C00A06B6D /* Kraina.app */;
			productType = "com.apple.product-type.application";
		};
/* End PBXNativeTarget section */

/* Begin PBXProject section */
		94D8497828A29D9C00A06B6D /* Project object */ = {
			isa = PBXProject;
			attributes = {
				BuildIndependentTargetsInParallel = 1;
				LastSwiftUpdateCheck = 1340;
				LastUpgradeCheck = 1330;
				TargetAttributes = {
					9469CA4B28B3EF820025CD0F = {
						CreatedOnToolsVersion = 13.4.1;
						TestTargetID = 94D8497F28A29D9C00A06B6D;
					};
					9469CA5828B3F4BF0025CD0F = {
						CreatedOnToolsVersion = 13.4.1;
						TestTargetID = 94D8497F28A29D9C00A06B6D;
					};
					94D8497F28A29D9C00A06B6D = {
						CreatedOnToolsVersion = 13.3;
					};
				};
			};
			buildConfigurationList = 94D8497B28A29D9C00A06B6D /* Build configuration list for PBXProject "Kraina" */;
			compatibilityVersion = "Xcode 13.0";
			developmentRegion = en;
			hasScannedForEncodings = 0;
			knownRegions = (
				en,
				Base,
			);
			mainGroup = 94D8497728A29D9C00A06B6D;
			productRefGroup = 94D8498128A29D9C00A06B6D /* Products */;
			projectDirPath = "";
			projectRoot = "";
			targets = (
				94D8497F28A29D9C00A06B6D /* Kraina */,
				9469CA4B28B3EF820025CD0F /* KrainaTests */,
				9469CA5828B3F4BF0025CD0F /* KrainaUITests */,
			);
		};
/* End PBXProject section */

/* Begin PBXResourcesBuildPhase section */
		9469CA4A28B3EF820025CD0F /* Resources */ = {
			isa = PBXResourcesBuildPhase;
			buildActionMask = 2147483647;
			files = (
			);
			runOnlyForDeploymentPostprocessing = 0;
		};
		9469CA5728B3F4BF0025CD0F /* Resources */ = {
			isa = PBXResourcesBuildPhase;
			buildActionMask = 2147483647;
			files = (
			);
			runOnlyForDeploymentPostprocessing = 0;
		};
		94D8497E28A29D9C00A06B6D /* Resources */ = {
			isa = PBXResourcesBuildPhase;
			buildActionMask = 2147483647;
			files = (
				94D8499028A29DA000A06B6D /* LaunchScreen.storyboard in Resources */,
				94D8498D28A29DA000A06B6D /* Assets.xcassets in Resources */,
				94D8498B28A29D9C00A06B6D /* Main.storyboard in Resources */,
				94D849A828A2DF1A00A06B6D /* GoogleService-Info.plist in Resources */,
			);
			runOnlyForDeploymentPostprocessing = 0;
		};
/* End PBXResourcesBuildPhase section */

/* Begin PBXShellScriptBuildPhase section */
		00853D31CCDF7E31D049E9A1 /* [CP] Embed Pods Frameworks */ = {
			isa = PBXShellScriptBuildPhase;
			buildActionMask = 2147483647;
			files = (
			);
			inputFileListPaths = (
				"${PODS_ROOT}/Target Support Files/Pods-Kraina/Pods-Kraina-frameworks-${CONFIGURATION}-input-files.xcfilelist",
			);
			name = "[CP] Embed Pods Frameworks";
			outputFileListPaths = (
				"${PODS_ROOT}/Target Support Files/Pods-Kraina/Pods-Kraina-frameworks-${CONFIGURATION}-output-files.xcfilelist",
			);
			runOnlyForDeploymentPostprocessing = 0;
			shellPath = /bin/sh;
			shellScript = "\"${PODS_ROOT}/Target Support Files/Pods-Kraina/Pods-Kraina-frameworks.sh\"\n";
			showEnvVarsInLog = 0;
		};
		803E0092A8F64E366F81C9F6 /* [CP] Copy Pods Resources */ = {
			isa = PBXShellScriptBuildPhase;
			buildActionMask = 2147483647;
			files = (
			);
			inputFileListPaths = (
				"${PODS_ROOT}/Target Support Files/Pods-Kraina/Pods-Kraina-resources-${CONFIGURATION}-input-files.xcfilelist",
			);
			name = "[CP] Copy Pods Resources";
			outputFileListPaths = (
				"${PODS_ROOT}/Target Support Files/Pods-Kraina/Pods-Kraina-resources-${CONFIGURATION}-output-files.xcfilelist",
			);
			runOnlyForDeploymentPostprocessing = 0;
			shellPath = /bin/sh;
			shellScript = "\"${PODS_ROOT}/Target Support Files/Pods-Kraina/Pods-Kraina-resources.sh\"\n";
			showEnvVarsInLog = 0;
		};
		C617D536296EA2F15AA9165A /* [CP] Check Pods Manifest.lock */ = {
			isa = PBXShellScriptBuildPhase;
			buildActionMask = 2147483647;
			files = (
			);
			inputFileListPaths = (
			);
			inputPaths = (
				"${PODS_PODFILE_DIR_PATH}/Podfile.lock",
				"${PODS_ROOT}/Manifest.lock",
			);
			name = "[CP] Check Pods Manifest.lock";
			outputFileListPaths = (
			);
			outputPaths = (
				"$(DERIVED_FILE_DIR)/Pods-Kraina-checkManifestLockResult.txt",
			);
			runOnlyForDeploymentPostprocessing = 0;
			shellPath = /bin/sh;
			shellScript = "diff \"${PODS_PODFILE_DIR_PATH}/Podfile.lock\" \"${PODS_ROOT}/Manifest.lock\" > /dev/null\nif [ $? != 0 ] ; then\n    # print error to STDERR\n    echo \"error: The sandbox is not in sync with the Podfile.lock. Run 'pod install' or update your CocoaPods installation.\" >&2\n    exit 1\nfi\n# This output is used by Xcode 'outputs' to avoid re-running this script phase.\necho \"SUCCESS\" > \"${SCRIPT_OUTPUT_FILE_0}\"\n";
			showEnvVarsInLog = 0;
		};
/* End PBXShellScriptBuildPhase section */

/* Begin PBXSourcesBuildPhase section */
		9469CA4828B3EF820025CD0F /* Sources */ = {
			isa = PBXSourcesBuildPhase;
			buildActionMask = 2147483647;
			files = (
				9469CA4F28B3EF830025CD0F /* KrainaTests.swift in Sources */,
			);
			runOnlyForDeploymentPostprocessing = 0;
		};
		9469CA5528B3F4BF0025CD0F /* Sources */ = {
			isa = PBXSourcesBuildPhase;
			buildActionMask = 2147483647;
			files = (
				9469CA5E28B3F4BF0025CD0F /* KrainaUITestsLaunchTests.swift in Sources */,
				9469CA5C28B3F4BF0025CD0F /* KrainaUITests.swift in Sources */,
			);
			runOnlyForDeploymentPostprocessing = 0;
		};
		94D8497C28A29D9C00A06B6D /* Sources */ = {
			isa = PBXSourcesBuildPhase;
			buildActionMask = 2147483647;
			files = (
				94D849AE28A2E87A00A06B6D /* UIViewController+Extension.swift in Sources */,
				94D8499828A29E7000A06B6D /* TabBarViewController.swift in Sources */,
				949EC2DB28BBEDBA0055EF48 /* FavouriteTypeTableViewCell.swift in Sources */,
				94D849AC28A2E5D300A06B6D /* UIView+Extension.swift in Sources */,
				949EC2D928BBED1F0055EF48 /* FavouriteTypeViewController.swift in Sources */,
				949EC2DF28BCE7A20055EF48 /* CheckFavouriteDelegate.swift in Sources */,
				94C23CC028B526D4005965D5 /* ChangeTypeDelegate.swift in Sources */,
				949EC2E328BDF4CF0055EF48 /* TypeCollectionViewCell.swift in Sources */,
				9469CA4728B3A5450025CD0F /* ColorsEnum.swift in Sources */,
				94D8498828A29D9C00A06B6D /* MainViewController.swift in Sources */,
				949EC2DD28BC07830055EF48 /* CollectionView+Extension.swift in Sources */,
				949EC2E128BDEB8F0055EF48 /* MainTableViewCell.swift in Sources */,
				944A14B628B8B37F0024987D /* SearchTableViewCell.swift in Sources */,
				94DE307728A51A9F003B5DF4 /* FireBaseEnum.swift in Sources */,
				944A14BB28BB84AD0024987D /* FavoriteCollectionViewCell.swift in Sources */,
				94B67B8228C0881000C1E5B8 /* PopupViewController.swift in Sources */,
				94D8498428A29D9C00A06B6D /* AppDelegate.swift in Sources */,
				94DE306F28A2F065003B5DF4 /* FireBaseManager.swift in Sources */,
				94B67B8428C27F7300C1E5B8 /* MyFloatingPanelLayoutClass.swift in Sources */,
				94A8AE5028ABD57000DEF47D /* ForModelMapViewController.swift in Sources */,
				944A14B428B7AD120024987D /* SearchViewController.swift in Sources */,
				945F75FB28A96FFE0013122D /* Image+Extension.swift in Sources */,
				94A8AE5428AE5ACA00DEF47D /* RegistrationViewController.swift in Sources */,
				94D8499C28A29FB400A06B6D /* MapViewController.swift in Sources */,
				94B67B8628C287C700C1E5B8 /* ModelMapDelegate.swift in Sources */,
				945F75F728A8E9BA0013122D /* ModelViewController.swift in Sources */,
				942EFE2328AF713A00B52F1E /* LogInViewController.swift in Sources */,
				9469CA6528B4B26D0025CD0F /* ModelCollectionViewCell.swift in Sources */,
				94D849A028A2A01A00A06B6D /* FavoriteViewController.swift in Sources */,
				941FD2C328BF4F9300C800DB /* ModelFromDelegate.swift in Sources */,
				94D8498628A29D9C00A06B6D /* SceneDelegate.swift in Sources */,
				94B67B8028BF868200C1E5B8 /* ImagesCollectionViewCell.swift in Sources */,
				94DE307128A2F2B6003B5DF4 /* FireBaseDocument.swift in Sources */,
			);
			runOnlyForDeploymentPostprocessing = 0;
		};
/* End PBXSourcesBuildPhase section */

/* Begin PBXTargetDependency section */
		9469CA5128B3EF830025CD0F /* PBXTargetDependency */ = {
			isa = PBXTargetDependency;
			target = 94D8497F28A29D9C00A06B6D /* Kraina */;
			targetProxy = 9469CA5028B3EF830025CD0F /* PBXContainerItemProxy */;
		};
		9469CA6028B3F4BF0025CD0F /* PBXTargetDependency */ = {
			isa = PBXTargetDependency;
			target = 94D8497F28A29D9C00A06B6D /* Kraina */;
			targetProxy = 9469CA5F28B3F4BF0025CD0F /* PBXContainerItemProxy */;
		};
/* End PBXTargetDependency section */

/* Begin PBXVariantGroup section */
		94D8498928A29D9C00A06B6D /* Main.storyboard */ = {
			isa = PBXVariantGroup;
			children = (
				94D8498A28A29D9C00A06B6D /* Base */,
			);
			name = Main.storyboard;
			sourceTree = "<group>";
		};
		94D8498E28A29DA000A06B6D /* LaunchScreen.storyboard */ = {
			isa = PBXVariantGroup;
			children = (
				94D8498F28A29DA000A06B6D /* Base */,
			);
			name = LaunchScreen.storyboard;
			sourceTree = "<group>";
		};
/* End PBXVariantGroup section */

/* Begin XCBuildConfiguration section */
		9469CA5228B3EF830025CD0F /* Debug */ = {
			isa = XCBuildConfiguration;
			buildSettings = {
				BUNDLE_LOADER = "$(TEST_HOST)";
				CODE_SIGN_STYLE = Automatic;
				CURRENT_PROJECT_VERSION = 1;
				DEVELOPMENT_TEAM = K3XRV9KVYN;
				GENERATE_INFOPLIST_FILE = YES;
				IPHONEOS_DEPLOYMENT_TARGET = 15.5;
				MARKETING_VERSION = 1.0;
				PRODUCT_BUNDLE_IDENTIFIER = com.ZhuravlevMax.KrainaTests;
				PRODUCT_NAME = "$(TARGET_NAME)";
				SWIFT_EMIT_LOC_STRINGS = NO;
				SWIFT_VERSION = 5.0;
				TARGETED_DEVICE_FAMILY = "1,2";
				TEST_HOST = "$(BUILT_PRODUCTS_DIR)/Kraina.app/Kraina";
			};
			name = Debug;
		};
		9469CA5328B3EF830025CD0F /* Release */ = {
			isa = XCBuildConfiguration;
			buildSettings = {
				BUNDLE_LOADER = "$(TEST_HOST)";
				CODE_SIGN_STYLE = Automatic;
				CURRENT_PROJECT_VERSION = 1;
				DEVELOPMENT_TEAM = K3XRV9KVYN;
				GENERATE_INFOPLIST_FILE = YES;
				IPHONEOS_DEPLOYMENT_TARGET = 15.5;
				MARKETING_VERSION = 1.0;
				PRODUCT_BUNDLE_IDENTIFIER = com.ZhuravlevMax.KrainaTests;
				PRODUCT_NAME = "$(TARGET_NAME)";
				SWIFT_EMIT_LOC_STRINGS = NO;
				SWIFT_VERSION = 5.0;
				TARGETED_DEVICE_FAMILY = "1,2";
				TEST_HOST = "$(BUILT_PRODUCTS_DIR)/Kraina.app/Kraina";
			};
			name = Release;
		};
		9469CA6228B3F4BF0025CD0F /* Debug */ = {
			isa = XCBuildConfiguration;
			buildSettings = {
				CODE_SIGN_STYLE = Automatic;
				CURRENT_PROJECT_VERSION = 1;
				DEVELOPMENT_TEAM = K3XRV9KVYN;
				GENERATE_INFOPLIST_FILE = YES;
				IPHONEOS_DEPLOYMENT_TARGET = 15.5;
				MARKETING_VERSION = 1.0;
				PRODUCT_BUNDLE_IDENTIFIER = com.ZhuravlevMax.KrainaUITests;
				PRODUCT_NAME = "$(TARGET_NAME)";
				SWIFT_EMIT_LOC_STRINGS = NO;
				SWIFT_VERSION = 5.0;
				TARGETED_DEVICE_FAMILY = "1,2";
				TEST_TARGET_NAME = Kraina;
			};
			name = Debug;
		};
		9469CA6328B3F4BF0025CD0F /* Release */ = {
			isa = XCBuildConfiguration;
			buildSettings = {
				CODE_SIGN_STYLE = Automatic;
				CURRENT_PROJECT_VERSION = 1;
				DEVELOPMENT_TEAM = K3XRV9KVYN;
				GENERATE_INFOPLIST_FILE = YES;
				IPHONEOS_DEPLOYMENT_TARGET = 15.5;
				MARKETING_VERSION = 1.0;
				PRODUCT_BUNDLE_IDENTIFIER = com.ZhuravlevMax.KrainaUITests;
				PRODUCT_NAME = "$(TARGET_NAME)";
				SWIFT_EMIT_LOC_STRINGS = NO;
				SWIFT_VERSION = 5.0;
				TARGETED_DEVICE_FAMILY = "1,2";
				TEST_TARGET_NAME = Kraina;
			};
			name = Release;
		};
		94D8499228A29DA000A06B6D /* Debug */ = {
			isa = XCBuildConfiguration;
			buildSettings = {
				ALWAYS_SEARCH_USER_PATHS = NO;
				CLANG_ANALYZER_NONNULL = YES;
				CLANG_ANALYZER_NUMBER_OBJECT_CONVERSION = YES_AGGRESSIVE;
				CLANG_CXX_LANGUAGE_STANDARD = "gnu++17";
				CLANG_ENABLE_MODULES = YES;
				CLANG_ENABLE_OBJC_ARC = YES;
				CLANG_ENABLE_OBJC_WEAK = YES;
				CLANG_WARN_BLOCK_CAPTURE_AUTORELEASING = YES;
				CLANG_WARN_BOOL_CONVERSION = YES;
				CLANG_WARN_COMMA = YES;
				CLANG_WARN_CONSTANT_CONVERSION = YES;
				CLANG_WARN_DEPRECATED_OBJC_IMPLEMENTATIONS = YES;
				CLANG_WARN_DIRECT_OBJC_ISA_USAGE = YES_ERROR;
				CLANG_WARN_DOCUMENTATION_COMMENTS = YES;
				CLANG_WARN_EMPTY_BODY = YES;
				CLANG_WARN_ENUM_CONVERSION = YES;
				CLANG_WARN_INFINITE_RECURSION = YES;
				CLANG_WARN_INT_CONVERSION = YES;
				CLANG_WARN_NON_LITERAL_NULL_CONVERSION = YES;
				CLANG_WARN_OBJC_IMPLICIT_RETAIN_SELF = YES;
				CLANG_WARN_OBJC_LITERAL_CONVERSION = YES;
				CLANG_WARN_OBJC_ROOT_CLASS = YES_ERROR;
				CLANG_WARN_QUOTED_INCLUDE_IN_FRAMEWORK_HEADER = YES;
				CLANG_WARN_RANGE_LOOP_ANALYSIS = YES;
				CLANG_WARN_STRICT_PROTOTYPES = YES;
				CLANG_WARN_SUSPICIOUS_MOVE = YES;
				CLANG_WARN_UNGUARDED_AVAILABILITY = YES_AGGRESSIVE;
				CLANG_WARN_UNREACHABLE_CODE = YES;
				CLANG_WARN__DUPLICATE_METHOD_MATCH = YES;
				COPY_PHASE_STRIP = NO;
				DEBUG_INFORMATION_FORMAT = dwarf;
				ENABLE_STRICT_OBJC_MSGSEND = YES;
				ENABLE_TESTABILITY = YES;
				GCC_C_LANGUAGE_STANDARD = gnu11;
				GCC_DYNAMIC_NO_PIC = NO;
				GCC_NO_COMMON_BLOCKS = YES;
				GCC_OPTIMIZATION_LEVEL = 0;
				GCC_PREPROCESSOR_DEFINITIONS = (
					"DEBUG=1",
					"$(inherited)",
				);
				GCC_WARN_64_TO_32_BIT_CONVERSION = YES;
				GCC_WARN_ABOUT_RETURN_TYPE = YES_ERROR;
				GCC_WARN_UNDECLARED_SELECTOR = YES;
				GCC_WARN_UNINITIALIZED_AUTOS = YES_AGGRESSIVE;
				GCC_WARN_UNUSED_FUNCTION = YES;
				GCC_WARN_UNUSED_VARIABLE = YES;
				IPHONEOS_DEPLOYMENT_TARGET = 15.4;
				MTL_ENABLE_DEBUG_INFO = INCLUDE_SOURCE;
				MTL_FAST_MATH = YES;
				ONLY_ACTIVE_ARCH = YES;
				SDKROOT = iphoneos;
				SWIFT_ACTIVE_COMPILATION_CONDITIONS = DEBUG;
				SWIFT_OPTIMIZATION_LEVEL = "-Onone";
			};
			name = Debug;
		};
		94D8499328A29DA000A06B6D /* Release */ = {
			isa = XCBuildConfiguration;
			buildSettings = {
				ALWAYS_SEARCH_USER_PATHS = NO;
				CLANG_ANALYZER_NONNULL = YES;
				CLANG_ANALYZER_NUMBER_OBJECT_CONVERSION = YES_AGGRESSIVE;
				CLANG_CXX_LANGUAGE_STANDARD = "gnu++17";
				CLANG_ENABLE_MODULES = YES;
				CLANG_ENABLE_OBJC_ARC = YES;
				CLANG_ENABLE_OBJC_WEAK = YES;
				CLANG_WARN_BLOCK_CAPTURE_AUTORELEASING = YES;
				CLANG_WARN_BOOL_CONVERSION = YES;
				CLANG_WARN_COMMA = YES;
				CLANG_WARN_CONSTANT_CONVERSION = YES;
				CLANG_WARN_DEPRECATED_OBJC_IMPLEMENTATIONS = YES;
				CLANG_WARN_DIRECT_OBJC_ISA_USAGE = YES_ERROR;
				CLANG_WARN_DOCUMENTATION_COMMENTS = YES;
				CLANG_WARN_EMPTY_BODY = YES;
				CLANG_WARN_ENUM_CONVERSION = YES;
				CLANG_WARN_INFINITE_RECURSION = YES;
				CLANG_WARN_INT_CONVERSION = YES;
				CLANG_WARN_NON_LITERAL_NULL_CONVERSION = YES;
				CLANG_WARN_OBJC_IMPLICIT_RETAIN_SELF = YES;
				CLANG_WARN_OBJC_LITERAL_CONVERSION = YES;
				CLANG_WARN_OBJC_ROOT_CLASS = YES_ERROR;
				CLANG_WARN_QUOTED_INCLUDE_IN_FRAMEWORK_HEADER = YES;
				CLANG_WARN_RANGE_LOOP_ANALYSIS = YES;
				CLANG_WARN_STRICT_PROTOTYPES = YES;
				CLANG_WARN_SUSPICIOUS_MOVE = YES;
				CLANG_WARN_UNGUARDED_AVAILABILITY = YES_AGGRESSIVE;
				CLANG_WARN_UNREACHABLE_CODE = YES;
				CLANG_WARN__DUPLICATE_METHOD_MATCH = YES;
				COPY_PHASE_STRIP = NO;
				DEBUG_INFORMATION_FORMAT = "dwarf-with-dsym";
				ENABLE_NS_ASSERTIONS = NO;
				ENABLE_STRICT_OBJC_MSGSEND = YES;
				GCC_C_LANGUAGE_STANDARD = gnu11;
				GCC_NO_COMMON_BLOCKS = YES;
				GCC_WARN_64_TO_32_BIT_CONVERSION = YES;
				GCC_WARN_ABOUT_RETURN_TYPE = YES_ERROR;
				GCC_WARN_UNDECLARED_SELECTOR = YES;
				GCC_WARN_UNINITIALIZED_AUTOS = YES_AGGRESSIVE;
				GCC_WARN_UNUSED_FUNCTION = YES;
				GCC_WARN_UNUSED_VARIABLE = YES;
				IPHONEOS_DEPLOYMENT_TARGET = 15.4;
				MTL_ENABLE_DEBUG_INFO = NO;
				MTL_FAST_MATH = YES;
				SDKROOT = iphoneos;
				SWIFT_COMPILATION_MODE = wholemodule;
				SWIFT_OPTIMIZATION_LEVEL = "-O";
				VALIDATE_PRODUCT = YES;
			};
			name = Release;
		};
		94D8499528A29DA000A06B6D /* Debug */ = {
			isa = XCBuildConfiguration;
			baseConfigurationReference = 8BA416F01C6E783477ADC038 /* Pods-Kraina.debug.xcconfig */;
			buildSettings = {
				ASSETCATALOG_COMPILER_APPICON_NAME = AppIcon;
				ASSETCATALOG_COMPILER_GLOBAL_ACCENT_COLOR_NAME = AccentColor;
				CODE_SIGN_STYLE = Automatic;
				CURRENT_PROJECT_VERSION = 1;
				DEVELOPMENT_TEAM = K3XRV9KVYN;
				GENERATE_INFOPLIST_FILE = YES;
				INFOPLIST_FILE = Kraina/Info.plist;
				INFOPLIST_KEY_UIApplicationSupportsIndirectInputEvents = YES;
				INFOPLIST_KEY_UILaunchStoryboardName = LaunchScreen;
				INFOPLIST_KEY_UIMainStoryboardFile = Main;
				INFOPLIST_KEY_UISupportedInterfaceOrientations_iPad = "UIInterfaceOrientationPortrait UIInterfaceOrientationPortraitUpsideDown UIInterfaceOrientationLandscapeLeft UIInterfaceOrientationLandscapeRight";
				INFOPLIST_KEY_UISupportedInterfaceOrientations_iPhone = "UIInterfaceOrientationPortrait UIInterfaceOrientationLandscapeLeft UIInterfaceOrientationLandscapeRight";
				LD_RUNPATH_SEARCH_PATHS = (
					"$(inherited)",
					"@executable_path/Frameworks",
				);
				MARKETING_VERSION = 1.0;
				PRODUCT_BUNDLE_IDENTIFIER = com.ZhuravlevMax.Kraina;
				PRODUCT_NAME = "$(TARGET_NAME)";
				SWIFT_EMIT_LOC_STRINGS = YES;
				SWIFT_VERSION = 5.0;
				TARGETED_DEVICE_FAMILY = "1,2";
			};
			name = Debug;
		};
		94D8499628A29DA000A06B6D /* Release */ = {
			isa = XCBuildConfiguration;
			baseConfigurationReference = 32B5013FF1250D241BB57647 /* Pods-Kraina.release.xcconfig */;
			buildSettings = {
				ASSETCATALOG_COMPILER_APPICON_NAME = AppIcon;
				ASSETCATALOG_COMPILER_GLOBAL_ACCENT_COLOR_NAME = AccentColor;
				CODE_SIGN_STYLE = Automatic;
				CURRENT_PROJECT_VERSION = 1;
				DEVELOPMENT_TEAM = K3XRV9KVYN;
				GENERATE_INFOPLIST_FILE = YES;
				INFOPLIST_FILE = Kraina/Info.plist;
				INFOPLIST_KEY_UIApplicationSupportsIndirectInputEvents = YES;
				INFOPLIST_KEY_UILaunchStoryboardName = LaunchScreen;
				INFOPLIST_KEY_UIMainStoryboardFile = Main;
				INFOPLIST_KEY_UISupportedInterfaceOrientations_iPad = "UIInterfaceOrientationPortrait UIInterfaceOrientationPortraitUpsideDown UIInterfaceOrientationLandscapeLeft UIInterfaceOrientationLandscapeRight";
				INFOPLIST_KEY_UISupportedInterfaceOrientations_iPhone = "UIInterfaceOrientationPortrait UIInterfaceOrientationLandscapeLeft UIInterfaceOrientationLandscapeRight";
				LD_RUNPATH_SEARCH_PATHS = (
					"$(inherited)",
					"@executable_path/Frameworks",
				);
				MARKETING_VERSION = 1.0;
				PRODUCT_BUNDLE_IDENTIFIER = com.ZhuravlevMax.Kraina;
				PRODUCT_NAME = "$(TARGET_NAME)";
				SWIFT_EMIT_LOC_STRINGS = YES;
				SWIFT_VERSION = 5.0;
				TARGETED_DEVICE_FAMILY = "1,2";
			};
			name = Release;
		};
/* End XCBuildConfiguration section */

/* Begin XCConfigurationList section */
		9469CA5428B3EF830025CD0F /* Build configuration list for PBXNativeTarget "KrainaTests" */ = {
			isa = XCConfigurationList;
			buildConfigurations = (
				9469CA5228B3EF830025CD0F /* Debug */,
				9469CA5328B3EF830025CD0F /* Release */,
			);
			defaultConfigurationIsVisible = 0;
			defaultConfigurationName = Release;
		};
		9469CA6128B3F4BF0025CD0F /* Build configuration list for PBXNativeTarget "KrainaUITests" */ = {
			isa = XCConfigurationList;
			buildConfigurations = (
				9469CA6228B3F4BF0025CD0F /* Debug */,
				9469CA6328B3F4BF0025CD0F /* Release */,
			);
			defaultConfigurationIsVisible = 0;
			defaultConfigurationName = Release;
		};
		94D8497B28A29D9C00A06B6D /* Build configuration list for PBXProject "Kraina" */ = {
			isa = XCConfigurationList;
			buildConfigurations = (
				94D8499228A29DA000A06B6D /* Debug */,
				94D8499328A29DA000A06B6D /* Release */,
			);
			defaultConfigurationIsVisible = 0;
			defaultConfigurationName = Release;
		};
		94D8499428A29DA000A06B6D /* Build configuration list for PBXNativeTarget "Kraina" */ = {
			isa = XCConfigurationList;
			buildConfigurations = (
				94D8499528A29DA000A06B6D /* Debug */,
				94D8499628A29DA000A06B6D /* Release */,
			);
			defaultConfigurationIsVisible = 0;
			defaultConfigurationName = Release;
		};
/* End XCConfigurationList section */
	};
	rootObject = 94D8497828A29D9C00A06B6D /* Project object */;
}
